
Microsoft Visual Studio Solution File, Format Version 12.00
# Visual Studio Version 17
VisualStudioVersion = 17.5.002.0
MinimumVisualStudioVersion = 10.0.40219.1
Project("{9A19103F-16F7-4668-BE54-9A1E7A4F7556}") = "OsintToolkit", "OsintToolkit.csproj", "{7F6222E2-5F3E-4D1B-B1FE-BA17DD1798DD}"
EndProject
Global
	GlobalSection(SolutionConfigurationPlatforms) = preSolution
		Debug|Any CPU = Debug|Any CPU
		Release|Any CPU = Release|Any CPU
	EndGlobalSection
	GlobalSection(ProjectConfigurationPlatforms) = postSolution
		{7F6222E2-5F3E-4D1B-B1FE-BA17DD1798DD}.Debug|Any CPU.ActiveCfg = Debug|Any CPU
		{7F6222E2-5F3E-4D1B-B1FE-BA17DD1798DD}.Debug|Any CPU.Build.0 = Debug|Any CPU
		{7F6222E2-5F3E-4D1B-B1FE-BA17DD1798DD}.Release|Any CPU.ActiveCfg = Release|Any CPU
		{7F6222E2-5F3E-4D1B-B1FE-BA17DD1798DD}.Release|Any CPU.Build.0 = Release|Any CPU
	EndGlobalSection
	GlobalSection(SolutionProperties) = preSolution
		HideSolutionNode = FALSE
	EndGlobalSection
	GlobalSection(ExtensibilityGlobals) = postSolution
		SolutionGuid = {463D2F63-E18C-4011-85A8-67F1E8B6A941}
	EndGlobalSection
EndGlobal
